
Microsoft Visual Studio Solution File, Format Version 12.00
# Visual Studio 15
VisualStudioVersion = 15.0.28307.539
MinimumVisualStudioVersion = 10.0.40219.1
Project("{FAE04EC0-301F-11D3-BF4B-00C04F79EFBC}") = "SistemaParkHotel", "SistemaParkHotel\SistemaParkHotel.csproj", "{D4FADA0B-12E4-4277-92DB-F5C58907858E}"
EndProject
Global
	GlobalSection(SolutionConfigurationPlatforms) = preSolution
		Debug|Any CPU = Debug|Any CPU
		Release|Any CPU = Release|Any CPU
	EndGlobalSection
	GlobalSection(ProjectConfigurationPlatforms) = postSolution
		{D4FADA0B-12E4-4277-92DB-F5C58907858E}.Debug|Any CPU.ActiveCfg = Debug|Any CPU
		{D4FADA0B-12E4-4277-92DB-F5C58907858E}.Debug|Any CPU.Build.0 = Debug|Any CPU
		{D4FADA0B-12E4-4277-92DB-F5C58907858E}.Release|Any CPU.ActiveCfg = Release|Any CPU
		{D4FADA0B-12E4-4277-92DB-F5C58907858E}.Release|Any CPU.Build.0 = Release|Any CPU
	EndGlobalSection
	GlobalSection(SolutionProperties) = preSolution
		HideSolutionNode = FALSE
	EndGlobalSection
	GlobalSection(ExtensibilityGlobals) = postSolution
		SolutionGuid = {F80C55E0-9ACC-40A5-A0D0-EDCA7E732A6F}
	EndGlobalSection
EndGlobal
